
Microsoft Visual Studio Solution File, Format Version 12.00
# Visual Studio Version 16
VisualStudioVersion = 16.0.810.10
MinimumVisualStudioVersion = 10.0.40219.1
Project("{FAE04EC0-301F-11D3-BF4B-00C04F79EFBC}") = "trade-netter", "trade-netter\trade-netter.csproj", "{C7A19637-52E0-4024-9D1B-8984FF372988}"
EndProject
Project("{FAE04EC0-301F-11D3-BF4B-00C04F79EFBC}") = "trade-netter.Tests", "trade-netter.Tests\trade-netter.Tests.csproj", "{DA1C0268-6671-4AB0-A4E5-B2D0EED61E52}"
EndProject
Global
	GlobalSection(SolutionConfigurationPlatforms) = preSolution
		Debug|Any CPU = Debug|Any CPU
		Release|Any CPU = Release|Any CPU
	EndGlobalSection
	GlobalSection(ProjectConfigurationPlatforms) = postSolution
		{C7A19637-52E0-4024-9D1B-8984FF372988}.Debug|Any CPU.ActiveCfg = Debug|Any CPU
		{C7A19637-52E0-4024-9D1B-8984FF372988}.Debug|Any CPU.Build.0 = Debug|Any CPU
		{C7A19637-52E0-4024-9D1B-8984FF372988}.Release|Any CPU.ActiveCfg = Release|Any CPU
		{C7A19637-52E0-4024-9D1B-8984FF372988}.Release|Any CPU.Build.0 = Release|Any CPU
		{DA1C0268-6671-4AB0-A4E5-B2D0EED61E52}.Debug|Any CPU.ActiveCfg = Debug|Any CPU
		{DA1C0268-6671-4AB0-A4E5-B2D0EED61E52}.Debug|Any CPU.Build.0 = Debug|Any CPU
		{DA1C0268-6671-4AB0-A4E5-B2D0EED61E52}.Release|Any CPU.ActiveCfg = Release|Any CPU
		{DA1C0268-6671-4AB0-A4E5-B2D0EED61E52}.Release|Any CPU.Build.0 = Release|Any CPU
	EndGlobalSection
	GlobalSection(SolutionProperties) = preSolution
		HideSolutionNode = FALSE
	EndGlobalSection
	GlobalSection(ExtensibilityGlobals) = postSolution
		SolutionGuid = {EE4B1A21-9384-47DF-B7CF-0D8C42022396}
	EndGlobalSection
EndGlobal
